
Microsoft Visual Studio Solution File, Format Version 12.00
# Visual Studio Version 16
VisualStudioVersion = 16.0.32126.315
MinimumVisualStudioVersion = 10.0.40219.1
Project("{9A19103F-16F7-4668-BE54-9A1E7A4F7556}") = "HW4", "HW4\HW4.csproj", "{A1084EF1-49C6-409F-9C18-94B174BE29B3}"
EndProject
Project("{FAE04EC0-301F-11D3-BF4B-00C04F79EFBC}") = "HW4.Test", "HW4.Test\HW4.Test.csproj", "{93AFCF14-3263-4BAF-8125-CFDB30132932}"
EndProject
Global
	GlobalSection(SolutionConfigurationPlatforms) = preSolution
		Debug|Any CPU = Debug|Any CPU
		Release|Any CPU = Release|Any CPU
	EndGlobalSection
	GlobalSection(ProjectConfigurationPlatforms) = postSolution
		{A1084EF1-49C6-409F-9C18-94B174BE29B3}.Debug|Any CPU.ActiveCfg = Debug|Any CPU
		{A1084EF1-49C6-409F-9C18-94B174BE29B3}.Debug|Any CPU.Build.0 = Debug|Any CPU
		{A1084EF1-49C6-409F-9C18-94B174BE29B3}.Release|Any CPU.ActiveCfg = Release|Any CPU
		{A1084EF1-49C6-409F-9C18-94B174BE29B3}.Release|Any CPU.Build.0 = Release|Any CPU
		{93AFCF14-3263-4BAF-8125-CFDB30132932}.Debug|Any CPU.ActiveCfg = Debug|Any CPU
		{93AFCF14-3263-4BAF-8125-CFDB30132932}.Debug|Any CPU.Build.0 = Debug|Any CPU
		{93AFCF14-3263-4BAF-8125-CFDB30132932}.Release|Any CPU.ActiveCfg = Release|Any CPU
		{93AFCF14-3263-4BAF-8125-CFDB30132932}.Release|Any CPU.Build.0 = Release|Any CPU
	EndGlobalSection
	GlobalSection(SolutionProperties) = preSolution
		HideSolutionNode = FALSE
	EndGlobalSection
	GlobalSection(ExtensibilityGlobals) = postSolution
		SolutionGuid = {4B215C91-7A7D-45B3-9994-466DFDCAB8FD}
	EndGlobalSection
EndGlobal
